// !$*UTF8*$!
{
	archiveVersion = 1;
	classes = {
	};
	objectVersion = 42;
	objects = {

/* Begin PBXBuildFile section */
		65081C32067A9A0C006247A1 /* InfoPlist.strings in Resources */ = {isa = PBXBuildFile; fileRef = 089C167DFE841241C02AAC07 /* InfoPlist.strings */; };
		65081C33067A9A0C006247A1 /* main.nib in Resources */ = {isa = PBXBuildFile; fileRef = 65AABA18056A9B5C006CE269 /* main.nib */; };
		65081C37067A9A0C006247A1 /* Cocoa.framework in Frameworks */ = {isa = PBXBuildFile; fileRef = 1058C7ADFEA557BF11CA2CBB /* Cocoa.framework */; };
		65081C38067A9A0C006247A1 /* Automator.framework in Frameworks */ = {isa = PBXBuildFile; fileRef = 65AABA78056AB2A5006CE269 /* Automator.framework */; };
		B4BFE1BF07F3472F00449807 /* main.command in Resources */ = {isa = PBXBuildFile; fileRef = B4BFE1BE07F3472F00449807 /* main.command */; };
		B66EA57C0C8767D100D01E12 /* lib in Resources */ = {isa = PBXBuildFile; fileRef = B66EA51D0C8767D100D01E12 /* lib */; };
/* End PBXBuildFile section */

/* Begin PBXFileReference section */
		089C1672FE841209C02AAC07 /* Foundation.framework */ = {isa = PBXFileReference; lastKnownFileType = wrapper.framework; name = Foundation.framework; path = /System/Library/Frameworks/Foundation.framework; sourceTree = "<absolute>"; };
		089C167EFE841241C02AAC07 /* English */ = {isa = PBXFileReference; fileEncoding = 10; lastKnownFileType = text.plist.strings; name = English; path = English.lproj/InfoPlist.strings; sourceTree = "<group>"; };
		089C167FFE841241C02AAC07 /* AppKit.framework */ = {isa = PBXFileReference; lastKnownFileType = wrapper.framework; name = AppKit.framework; path = /System/Library/Frameworks/AppKit.framework; sourceTree = "<absolute>"; };
		1058C7ADFEA557BF11CA2CBB /* Cocoa.framework */ = {isa = PBXFileReference; lastKnownFileType = wrapper.framework; name = Cocoa.framework; path = /System/Library/Frameworks/Cocoa.framework; sourceTree = "<absolute>"; };
		65081C3A067A9A0C006247A1 /* Info.plist */ = {isa = PBXFileReference; lastKnownFileType = text.xml; path = Info.plist; sourceTree = "<group>"; };
		65081C3B067A9A0C006247A1 /* AutoExifMover.action */ = {isa = PBXFileReference; explicitFileType = wrapper.cfbundle; includeInIndex = 0; path = AutoExifMover.action; sourceTree = BUILT_PRODUCTS_DIR; };
		65AABA19056A9B5C006CE269 /* English */ = {isa = PBXFileReference; lastKnownFileType = wrapper.nib; name = English; path = English.lproj/main.nib; sourceTree = "<group>"; };
		65AABA78056AB2A5006CE269 /* Automator.framework */ = {isa = PBXFileReference; lastKnownFileType = wrapper.framework; name = Automator.framework; path = /System/Library/Frameworks/Automator.framework; sourceTree = "<absolute>"; };
		B4BFE1BE07F3472F00449807 /* main.command */ = {isa = PBXFileReference; fileEncoding = 30; lastKnownFileType = text.script.sh; path = main.command; sourceTree = "<group>"; };
		B66EA51D0C8767D100D01E12 /* lib */ = {isa = PBXFileReference; lastKnownFileType = folder; path = lib; sourceTree = "<group>"; };
		B68421580C6CA73F00966DBA /* French */ = {isa = PBXFileReference; explicitFileType = text.plist.strings; fileEncoding = 10; name = French; path = French.lproj/InfoPlist.strings; sourceTree = "<group>"; };
		B68421600C6CA9EC00966DBA /* French */ = {isa = PBXFileReference; lastKnownFileType = wrapper.nib; name = French; path = French.lproj/main.nib; sourceTree = "<group>"; };
/* End PBXFileReference section */

/* Begin PBXFrameworksBuildPhase section */
		65081C36067A9A0C006247A1 /* Frameworks */ = {
			isa = PBXFrameworksBuildPhase;
			buildActionMask = 2147483647;
			files = (
				65081C37067A9A0C006247A1 /* Cocoa.framework in Frameworks */,
				65081C38067A9A0C006247A1 /* Automator.framework in Frameworks */,
			);
			runOnlyForDeploymentPostprocessing = 0;
		};
/* End PBXFrameworksBuildPhase section */

/* Begin PBXGroup section */
		089C166AFE841209C02AAC07 /* Automator Action */ = {
			isa = PBXGroup;
			children = (
				65AABA0F056A9AD1006CE269 /* Scripts */,
				08FB77AFFE84173DC02AAC07 /* Classes */,
				089C167CFE841241C02AAC07 /* Resources */,
				089C1671FE841209C02AAC07 /* Frameworks and Libraries */,
				19C28FB8FE9D52D311CA2CBB /* Products */,
				65081C3A067A9A0C006247A1 /* Info.plist */,
			);
			name = "Automator Action";
			sourceTree = "<group>";
		};
		089C1671FE841209C02AAC07 /* Frameworks and Libraries */ = {
			isa = PBXGroup;
			children = (
				1058C7ACFEA557BF11CA2CBB /* Linked Frameworks */,
				1058C7AEFEA557BF11CA2CBB /* Other Frameworks */,
			);
			name = "Frameworks and Libraries";
			sourceTree = "<group>";
		};
		089C167CFE841241C02AAC07 /* Resources */ = {
			isa = PBXGroup;
			children = (
				65AABA18056A9B5C006CE269 /* main.nib */,
				089C167DFE841241C02AAC07 /* InfoPlist.strings */,
			);
			name = Resources;
			sourceTree = "<group>";
		};
		08FB77AFFE84173DC02AAC07 /* Classes */ = {
			isa = PBXGroup;
			children = (
			);
			name = Classes;
			sourceTree = "<group>";
		};
		1058C7ACFEA557BF11CA2CBB /* Linked Frameworks */ = {
			isa = PBXGroup;
			children = (
				1058C7ADFEA557BF11CA2CBB /* Cocoa.framework */,
				65AABA78056AB2A5006CE269 /* Automator.framework */,
			);
			name = "Linked Frameworks";
			sourceTree = "<group>";
		};
		1058C7AEFEA557BF11CA2CBB /* Other Frameworks */ = {
			isa = PBXGroup;
			children = (
				B66EA51D0C8767D100D01E12 /* lib */,
				089C1672FE841209C02AAC07 /* Foundation.framework */,
				089C167FFE841241C02AAC07 /* AppKit.framework */,
			);
			name = "Other Frameworks";
			sourceTree = "<group>";
		};
		19C28FB8FE9D52D311CA2CBB /* Products */ = {
			isa = PBXGroup;
			children = (
				65081C3B067A9A0C006247A1 /* AutoExifMover.action */,
			);
			name = Products;
			sourceTree = "<group>";
		};
		65AABA0F056A9AD1006CE269 /* Scripts */ = {
			isa = PBXGroup;
			children = (
				B4BFE1BE07F3472F00449807 /* main.command */,
			);
			name = Scripts;
			sourceTree = "<group>";
		};
/* End PBXGroup section */

/* Begin PBXNativeTarget section */
		65081C2D067A9A0C006247A1 /* AutoExifMover */ = {
			isa = PBXNativeTarget;
			buildConfigurationList = 4E59BCAA08A8249B001206A8 /* Build configuration list for PBXNativeTarget "AutoExifMover" */;
			buildPhases = (
				65081C31067A9A0C006247A1 /* Resources */,
				65081C36067A9A0C006247A1 /* Frameworks */,
				250388A2080C870600E1128B /* ShellScript */,
			);
			buildRules = (
			);
			dependencies = (
			);
			name = AutoExifMover;
			productInstallPath = "$(USER_LIBRARY_DIR)/Automator";
			productName = "Automator Action";
			productReference = 65081C3B067A9A0C006247A1 /* AutoExifMover.action */;
			productType = "com.apple.product-type.bundle";
		};
/* End PBXNativeTarget section */

/* Begin PBXProject section */
		089C1669FE841209C02AAC07 /* Project object */ = {
			isa = PBXProject;
			buildConfigurationList = 4E59BCAE08A8249B001206A8 /* Build configuration list for PBXProject "AutoExifMover" */;
			hasScannedForEncodings = 1;
			mainGroup = 089C166AFE841209C02AAC07 /* Automator Action */;
			projectDirPath = "";
			targets = (
				65081C2D067A9A0C006247A1 /* AutoExifMover */,
			);
		};
/* End PBXProject section */

/* Begin PBXResourcesBuildPhase section */
		65081C31067A9A0C006247A1 /* Resources */ = {
			isa = PBXResourcesBuildPhase;
			buildActionMask = 2147483647;
			files = (
				65081C32067A9A0C006247A1 /* InfoPlist.strings in Resources */,
				65081C33067A9A0C006247A1 /* main.nib in Resources */,
				B4BFE1BF07F3472F00449807 /* main.command in Resources */,
				B66EA57C0C8767D100D01E12 /* lib in Resources */,
			);
			runOnlyForDeploymentPostprocessing = 0;
		};
/* End PBXResourcesBuildPhase section */

/* Begin PBXShellScriptBuildPhase section */
		250388A2080C870600E1128B /* ShellScript */ = {
			isa = PBXShellScriptBuildPhase;
			buildActionMask = 2147483647;
			files = (
			);
			inputPaths = (
			);
			outputPaths = (
			);
			runOnlyForDeploymentPostprocessing = 0;
			shellPath = /bin/sh;
			shellScript = "/usr/bin/amlint \"${BUILT_PRODUCTS_DIR}/${FULL_PRODUCT_NAME}\"";
		};
/* End PBXShellScriptBuildPhase section */

/* Begin PBXVariantGroup section */
		089C167DFE841241C02AAC07 /* InfoPlist.strings */ = {
			isa = PBXVariantGroup;
			children = (
				089C167EFE841241C02AAC07 /* English */,
				B68421580C6CA73F00966DBA /* French */,
			);
			name = InfoPlist.strings;
			sourceTree = "<group>";
		};
		65AABA18056A9B5C006CE269 /* main.nib */ = {
			isa = PBXVariantGroup;
			children = (
				65AABA19056A9B5C006CE269 /* English */,
				B68421600C6CA9EC00966DBA /* French */,
			);
			name = main.nib;
			sourceTree = "<group>";
		};
/* End PBXVariantGroup section */

/* Begin XCBuildConfiguration section */
		4E59BCAB08A8249B001206A8 /* Debug */ = {
			isa = XCBuildConfiguration;
			buildSettings = {
				COPY_PHASE_STRIP = NO;
				GCC_DYNAMIC_NO_PIC = NO;
				GCC_ENABLE_FIX_AND_CONTINUE = YES;
				GCC_MODEL_TUNING = G5;
				GCC_OPTIMIZATION_LEVEL = 0;
				INFOPLIST_FILE = Info.plist;
				INSTALL_PATH = "$(USER_LIBRARY_DIR)/Automator";
				OTHER_OSAFLAGS = "-x -t 0 -c 0";
				PRODUCT_NAME = AutoExifMover;
				WRAPPER_EXTENSION = action;
				ZERO_LINK = YES;
			};
			name = Debug;
		};
		4E59BCAC08A8249B001206A8 /* Release */ = {
			isa = XCBuildConfiguration;
			buildSettings = {
				ARCHS = (
					ppc,
					i386,
				);
				GCC_GENERATE_DEBUGGING_SYMBOLS = NO;
				GCC_MODEL_TUNING = G5;
				INFOPLIST_FILE = Info.plist;
				INSTALL_PATH = "$(USER_LIBRARY_DIR)/Automator";
				OTHER_OSAFLAGS = "-x";
				PRODUCT_NAME = AutoExifMover;
				WRAPPER_EXTENSION = action;
			};
			name = Release;
		};
		4E59BCAF08A8249B001206A8 /* Debug */ = {
			isa = XCBuildConfiguration;
			buildSettings = {
				GCC_WARN_ABOUT_RETURN_TYPE = YES;
				GCC_WARN_UNUSED_VARIABLE = YES;
				PREBINDING = NO;
				SDKROOT = /Developer/SDKs/MacOSX10.4u.sdk;
			};
			name = Debug;
		};
		4E59BCB008A8249B001206A8 /* Release */ = {
			isa = XCBuildConfiguration;
			buildSettings = {
				GCC_WARN_ABOUT_RETURN_TYPE = YES;
				GCC_WARN_UNUSED_VARIABLE = YES;
				PREBINDING = NO;
				SDKROOT = /Developer/SDKs/MacOSX10.4u.sdk;
			};
			name = Release;
		};
/* End XCBuildConfiguration section */

/* Begin XCConfigurationList section */
		4E59BCAA08A8249B001206A8 /* Build configuration list for PBXNativeTarget "AutoExifMover" */ = {
			isa = XCConfigurationList;
			buildConfigurations = (
				4E59BCAB08A8249B001206A8 /* Debug */,
				4E59BCAC08A8249B001206A8 /* Release */,
			);
			defaultConfigurationIsVisible = 0;
			defaultConfigurationName = Release;
		};
		4E59BCAE08A8249B001206A8 /* Build configuration list for PBXProject "AutoExifMover" */ = {
			isa = XCConfigurationList;
			buildConfigurations = (
				4E59BCAF08A8249B001206A8 /* Debug */,
				4E59BCB008A8249B001206A8 /* Release */,
			);
			defaultConfigurationIsVisible = 0;
			defaultConfigurationName = Release;
		};
/* End XCConfigurationList section */
	};
	rootObject = 089C1669FE841209C02AAC07 /* Project object */;
}
